
Microsoft Visual Studio Solution File, Format Version 12.00
# Visual Studio 15
VisualStudioVersion = 15.0.27428.2037
MinimumVisualStudioVersion = 10.0.40219.1
Project("{9A19103F-16F7-4668-BE54-9A1E7A4F7556}") = "Where2GoNow", "Where2GoNow\Where2GoNow.csproj", "{65826251-31C7-4A17-84D5-20E34856E213}"
EndProject
Project("{9A19103F-16F7-4668-BE54-9A1E7A4F7556}") = "TripAdvisor", "TripAdvisor\TripAdvisor.csproj", "{5575A008-F884-46ED-8630-0DE8823BC0A4}"
EndProject
Project("{9A19103F-16F7-4668-BE54-9A1E7A4F7556}") = "DataAccess", "DataAccess\DataAccess.csproj", "{B768F9D3-F3DA-4949-BE42-5EB6006C91DB}"
EndProject
Global
	GlobalSection(SolutionConfigurationPlatforms) = preSolution
		Debug|Any CPU = Debug|Any CPU
		Release|Any CPU = Release|Any CPU
	EndGlobalSection
	GlobalSection(ProjectConfigurationPlatforms) = postSolution
		{65826251-31C7-4A17-84D5-20E34856E213}.Debug|Any CPU.ActiveCfg = Debug|Any CPU
		{65826251-31C7-4A17-84D5-20E34856E213}.Debug|Any CPU.Build.0 = Debug|Any CPU
		{65826251-31C7-4A17-84D5-20E34856E213}.Release|Any CPU.ActiveCfg = Release|Any CPU
		{65826251-31C7-4A17-84D5-20E34856E213}.Release|Any CPU.Build.0 = Release|Any CPU
		{5575A008-F884-46ED-8630-0DE8823BC0A4}.Debug|Any CPU.ActiveCfg = Debug|Any CPU
		{5575A008-F884-46ED-8630-0DE8823BC0A4}.Debug|Any CPU.Build.0 = Debug|Any CPU
		{5575A008-F884-46ED-8630-0DE8823BC0A4}.Release|Any CPU.ActiveCfg = Release|Any CPU
		{5575A008-F884-46ED-8630-0DE8823BC0A4}.Release|Any CPU.Build.0 = Release|Any CPU
		{B768F9D3-F3DA-4949-BE42-5EB6006C91DB}.Debug|Any CPU.ActiveCfg = Debug|Any CPU
		{B768F9D3-F3DA-4949-BE42-5EB6006C91DB}.Debug|Any CPU.Build.0 = Debug|Any CPU
		{B768F9D3-F3DA-4949-BE42-5EB6006C91DB}.Release|Any CPU.ActiveCfg = Release|Any CPU
		{B768F9D3-F3DA-4949-BE42-5EB6006C91DB}.Release|Any CPU.Build.0 = Release|Any CPU
	EndGlobalSection
	GlobalSection(SolutionProperties) = preSolution
		HideSolutionNode = FALSE
	EndGlobalSection
	GlobalSection(ExtensibilityGlobals) = postSolution
		SolutionGuid = {8396D0F8-D2B5-4B10-9AAD-B445EA7BB0B9}
	EndGlobalSection
EndGlobal
